
Microsoft Visual Studio Solution File, Format Version 12.00
# Visual Studio Version 17
VisualStudioVersion = 17.14.36915.13
MinimumVisualStudioVersion = 10.0.40219.1
Project("{00D1A9C2-B5F0-4AF3-8072-F6C62B433612}") = "ProjectManager.Database", "ProjectManager.Database\ProjectManager.Database.sqlproj", "{43DC4F42-D60E-404D-BF1A-CBF0E564E768}"
EndProject
Project("{FAE04EC0-301F-11D3-BF4B-00C04F79EFBC}") = "ProjectManager.DAL", "ProjectManager.DAL\ProjectManager.DAL.csproj", "{96AE8BE2-1552-494E-8403-10A08110D2F3}"
EndProject
Project("{FAE04EC0-301F-11D3-BF4B-00C04F79EFBC}") = "ProjectManager.Common", "ProjectManager.Common\ProjectManager.Common.csproj", "{BFDAC646-E996-47B9-B4D3-569A256809D8}"
EndProject
Project("{FAE04EC0-301F-11D3-BF4B-00C04F79EFBC}") = "ProjectManager.BLL", "ProjectManager.BLL\ProjectManager.BLL.csproj", "{1122E6D4-677B-4F20-B4B8-6DF9B2302981}"
EndProject
Project("{FAE04EC0-301F-11D3-BF4B-00C04F79EFBC}") = "ProjectManager.ASPMVC", "ProjectManager.ASPMVC\ProjectManager.ASPMVC.csproj", "{B03FA5D2-E58A-4E4F-8AE6-9306AF4610C0}"
EndProject
Global
	GlobalSection(SolutionConfigurationPlatforms) = preSolution
		Debug|Any CPU = Debug|Any CPU
		Release|Any CPU = Release|Any CPU
	EndGlobalSection
	GlobalSection(ProjectConfigurationPlatforms) = postSolution
		{43DC4F42-D60E-404D-BF1A-CBF0E564E768}.Debug|Any CPU.ActiveCfg = Debug|Any CPU
		{43DC4F42-D60E-404D-BF1A-CBF0E564E768}.Debug|Any CPU.Build.0 = Debug|Any CPU
		{43DC4F42-D60E-404D-BF1A-CBF0E564E768}.Debug|Any CPU.Deploy.0 = Debug|Any CPU
		{43DC4F42-D60E-404D-BF1A-CBF0E564E768}.Release|Any CPU.ActiveCfg = Release|Any CPU
		{43DC4F42-D60E-404D-BF1A-CBF0E564E768}.Release|Any CPU.Build.0 = Release|Any CPU
		{43DC4F42-D60E-404D-BF1A-CBF0E564E768}.Release|Any CPU.Deploy.0 = Release|Any CPU
		{96AE8BE2-1552-494E-8403-10A08110D2F3}.Debug|Any CPU.ActiveCfg = Debug|Any CPU
		{96AE8BE2-1552-494E-8403-10A08110D2F3}.Debug|Any CPU.Build.0 = Debug|Any CPU
		{96AE8BE2-1552-494E-8403-10A08110D2F3}.Release|Any CPU.ActiveCfg = Release|Any CPU
		{96AE8BE2-1552-494E-8403-10A08110D2F3}.Release|Any CPU.Build.0 = Release|Any CPU
		{BFDAC646-E996-47B9-B4D3-569A256809D8}.Debug|Any CPU.ActiveCfg = Debug|Any CPU
		{BFDAC646-E996-47B9-B4D3-569A256809D8}.Debug|Any CPU.Build.0 = Debug|Any CPU
		{BFDAC646-E996-47B9-B4D3-569A256809D8}.Release|Any CPU.ActiveCfg = Release|Any CPU
		{BFDAC646-E996-47B9-B4D3-569A256809D8}.Release|Any CPU.Build.0 = Release|Any CPU
		{1122E6D4-677B-4F20-B4B8-6DF9B2302981}.Debug|Any CPU.ActiveCfg = Debug|Any CPU
		{1122E6D4-677B-4F20-B4B8-6DF9B2302981}.Debug|Any CPU.Build.0 = Debug|Any CPU
		{1122E6D4-677B-4F20-B4B8-6DF9B2302981}.Release|Any CPU.ActiveCfg = Release|Any CPU
		{1122E6D4-677B-4F20-B4B8-6DF9B2302981}.Release|Any CPU.Build.0 = Release|Any CPU
		{B03FA5D2-E58A-4E4F-8AE6-9306AF4610C0}.Debug|Any CPU.ActiveCfg = Debug|Any CPU
		{B03FA5D2-E58A-4E4F-8AE6-9306AF4610C0}.Debug|Any CPU.Build.0 = Debug|Any CPU
		{B03FA5D2-E58A-4E4F-8AE6-9306AF4610C0}.Release|Any CPU.ActiveCfg = Release|Any CPU
		{B03FA5D2-E58A-4E4F-8AE6-9306AF4610C0}.Release|Any CPU.Build.0 = Release|Any CPU
	EndGlobalSection
	GlobalSection(SolutionProperties) = preSolution
		HideSolutionNode = FALSE
	EndGlobalSection
	GlobalSection(ExtensibilityGlobals) = postSolution
		SolutionGuid = {04999528-3466-4A88-A462-17EF4D777BB2}
	EndGlobalSection
EndGlobal
